lockfileVersion: '9.0'

settings:
  autoInstallPeers: true
  excludeLinksFromLockfile: false

importers:

  .:
    devDependencies:
      prettier:
        specifier: ^3.8.3
        version: 3.8.3
      vscode-java-setup-scripts:
        specifier: github:fp024/vscode-java-setup-scripts#v0.1.0
        version: https://codeload.github.com/fp024/vscode-java-setup-scripts/tar.gz/4111e32fb82bc8762583ee39bdd2183aedf69c37

packages:

  array-timsort@1.0.3:
    resolution: {integrity: sha512-/+3GRL7dDAGEfM6TseQk/U+mi18TU2Ms9I3UlLdUMhz2hbvGNTKdj9xniwXfUqgYhHxRx0+8UnKkvlNwVU+cWQ==}

  comment-json@4.6.2:
    resolution: {integrity: sha512-R2rze/hDX30uul4NZoIZ76ImSJLFxn/1/ZxtKC1L77y2X1k+yYu1joKbAtMA2Fg3hZrTOiw0I5mwVMo0cf250w==}
    engines: {node: '>= 6'}

  esprima@4.0.1:
    resolution: {integrity: sha512-eGuFFw7Upda+g4p+QHvnW0RyTX/SVeJBDM/gCtMARO0cLuT2HcEKnTPvhjV6aGeqrCB/sbNop0Kszm0jsaWU4A==}
    engines: {node: '>=4'}
    hasBin: true

  prettier@3.8.3:
    resolution: {integrity: sha512-7igPTM53cGHMW8xWuVTydi2KO233VFiTNyF5hLJqpilHfmn8C8gPf+PS7dUT64YcXFbiMGZxS9pCSxL/Dxm/Jw==}
    engines: {node: '>=14'}
    hasBin: true

  vscode-java-setup-scripts@https://codeload.github.com/fp024/vscode-java-setup-scripts/tar.gz/4111e32fb82bc8762583ee39bdd2183aedf69c37:
    resolution: {gitHosted: true, integrity: sha512-AFOLbj4r9+DPyVjrU3SoPouQKvbq/0YLa5yOHPcOKD2AaksdkfHJLshztzv9f4+GFarZfMgxCb91IHn3Kl8w8g==, tarball: https://codeload.github.com/fp024/vscode-java-setup-scripts/tar.gz/4111e32fb82bc8762583ee39bdd2183aedf69c37}
    version: 0.1.0
    engines: {node: '>=22.0.0'}
    hasBin: true

snapshots:

  array-timsort@1.0.3: {}

  comment-json@4.6.2:
    dependencies:
      array-timsort: 1.0.3
      esprima: 4.0.1

  esprima@4.0.1: {}

  prettier@3.8.3: {}

  vscode-java-setup-scripts@https://codeload.github.com/fp024/vscode-java-setup-scripts/tar.gz/4111e32fb82bc8762583ee39bdd2183aedf69c37:
    dependencies:
      comment-json: 4.6.2
