lockfileVersion: '9.0'

settings:
  autoInstallPeers: true
  excludeLinksFromLockfile: false

importers:

  .:
    devDependencies:
      prettier:
        specifier: ^3.6.2
        version: 3.6.2
      vscode-java-setup-scripts:
        specifier: github:fp024/vscode-java-setup-scripts#v0.1.0
        version: https://codeload.github.com/fp024/vscode-java-setup-scripts/tar.gz/6da0c238381f49cd2cf0ad8d56fba18fd199c53a

packages:

  array-timsort@1.0.3:
    resolution: {integrity: sha512-/+3GRL7dDAGEfM6TseQk/U+mi18TU2Ms9I3UlLdUMhz2hbvGNTKdj9xniwXfUqgYhHxRx0+8UnKkvlNwVU+cWQ==}

  comment-json@4.4.1:
    resolution: {integrity: sha512-r1To31BQD5060QdkC+Iheai7gHwoSZobzunqkf2/kQ6xIAfJyrKNAFUwdKvkK7Qgu7pVTKQEa7ok7Ed3ycAJgg==}
    engines: {node: '>= 6'}

  core-util-is@1.0.3:
    resolution: {integrity: sha512-ZQBvi1DcpJ4GDqanjucZ2Hj3wEO5pZDS89BWbkcrvdxksJorwUDDZamX9ldFkp9aw2lmBDLgkObEA4DWNJ9FYQ==}

  esprima@4.0.1:
    resolution: {integrity: sha512-eGuFFw7Upda+g4p+QHvnW0RyTX/SVeJBDM/gCtMARO0cLuT2HcEKnTPvhjV6aGeqrCB/sbNop0Kszm0jsaWU4A==}
    engines: {node: '>=4'}
    hasBin: true

  prettier@3.6.2:
    resolution: {integrity: sha512-I7AIg5boAr5R0FFtJ6rCfD+LFsWHp81dolrFD8S79U9tb8Az2nGrJncnMSnys+bpQJfRUzqs9hnA81OAA3hCuQ==}
    engines: {node: '>=14'}
    hasBin: true

  vscode-java-setup-scripts@https://codeload.github.com/fp024/vscode-java-setup-scripts/tar.gz/6da0c238381f49cd2cf0ad8d56fba18fd199c53a:
    resolution: {tarball: https://codeload.github.com/fp024/vscode-java-setup-scripts/tar.gz/6da0c238381f49cd2cf0ad8d56fba18fd199c53a}
    version: 0.1.0
    engines: {node: '>=22.17.0'}
    hasBin: true

snapshots:

  array-timsort@1.0.3: {}

  comment-json@4.4.1:
    dependencies:
      array-timsort: 1.0.3
      core-util-is: 1.0.3
      esprima: 4.0.1

  core-util-is@1.0.3: {}

  esprima@4.0.1: {}

  prettier@3.6.2: {}

  vscode-java-setup-scripts@https://codeload.github.com/fp024/vscode-java-setup-scripts/tar.gz/6da0c238381f49cd2cf0ad8d56fba18fd199c53a:
    dependencies:
      comment-json: 4.4.1
